// !$*UTF8*$!
{
	archiveVersion = 1;
	classes = {
	};
	objectVersion = 46;
	objects = {

/* Begin PBXBuildFile section */
		0D1AD2CF1F8A1B9100EAAB61 /* ConversationsListViewController.swift in Sources */ = {isa = PBXBuildFile; fileRef = 0D1AD2CE1F8A1B9100EAAB61 /* ConversationsListViewController.swift */; };
		0D1AD2D21F8A1CA200EAAB61 /* ConversationTableViewCell.swift in Sources */ = {isa = PBXBuildFile; fileRef = 0D1AD2D01F8A1CA200EAAB61 /* ConversationTableViewCell.swift */; };
		0D1AD2D31F8A1CA200EAAB61 /* ConversationTableViewCell.xib in Resources */ = {isa = PBXBuildFile; fileRef = 0D1AD2D11F8A1CA200EAAB61 /* ConversationTableViewCell.xib */; };
		0D1AD2D91F8A1D1F00EAAB61 /* ConversationCellConfiguration.swift in Sources */ = {isa = PBXBuildFile; fileRef = 0D1AD2D81F8A1D1F00EAAB61 /* ConversationCellConfiguration.swift */; };
		0D816ADA1F8A596F000FB5CA /* ConversationViewController.swift in Sources */ = {isa = PBXBuildFile; fileRef = 0D816AD91F8A596F000FB5CA /* ConversationViewController.swift */; };
		0D816ADF1F8A91F6000FB5CA /* IncomeMessageCell.swift in Sources */ = {isa = PBXBuildFile; fileRef = 0D816ADD1F8A91F6000FB5CA /* IncomeMessageCell.swift */; };
		0D816AE01F8A91F6000FB5CA /* IncomeMessageCell.xib in Resources */ = {isa = PBXBuildFile; fileRef = 0D816ADE1F8A91F6000FB5CA /* IncomeMessageCell.xib */; };
		0D816AE31F8A9205000FB5CA /* OutcomeCell.swift in Sources */ = {isa = PBXBuildFile; fileRef = 0D816AE11F8A9205000FB5CA /* OutcomeCell.swift */; };
		0D816AE41F8A9205000FB5CA /* OutcomeCell.xib in Resources */ = {isa = PBXBuildFile; fileRef = 0D816AE21F8A9205000FB5CA /* OutcomeCell.xib */; };
		0D816AE71F8A9289000FB5CA /* DialogModel.swift in Sources */ = {isa = PBXBuildFile; fileRef = 0D816AE61F8A9289000FB5CA /* DialogModel.swift */; };
		0D816AE91F8A973A000FB5CA /* MessageCellConfiguration.swift in Sources */ = {isa = PBXBuildFile; fileRef = 0D816AE81F8A973A000FB5CA /* MessageCellConfiguration.swift */; };
		0D9D69BE1F72C97000779606 /* AppDelegate.swift in Sources */ = {isa = PBXBuildFile; fileRef = 0D9D69BD1F72C97000779606 /* AppDelegate.swift */; };
		0D9D69C01F72C97000779606 /* ProfileViewController.swift in Sources */ = {isa = PBXBuildFile; fileRef = 0D9D69BF1F72C97000779606 /* ProfileViewController.swift */; };
		0D9D69C31F72C97000779606 /* Profile.storyboard in Resources */ = {isa = PBXBuildFile; fileRef = 0D9D69C11F72C97000779606 /* Profile.storyboard */; };
		0D9D69C51F72C97000779606 /* Assets.xcassets in Resources */ = {isa = PBXBuildFile; fileRef = 0D9D69C41F72C97000779606 /* Assets.xcassets */; };
		0D9D69C81F72C97000779606 /* LaunchScreen.storyboard in Resources */ = {isa = PBXBuildFile; fileRef = 0D9D69C61F72C97000779606 /* LaunchScreen.storyboard */; };
		0D9D69D01F72D1A800779606 /* Media.xcassets in Resources */ = {isa = PBXBuildFile; fileRef = 0D9D69CF1F72D1A800779606 /* Media.xcassets */; };
/* End PBXBuildFile section */

/* Begin PBXFileReference section */
		0D1AD2CE1F8A1B9100EAAB61 /* ConversationsListViewController.swift */ = {isa = PBXFileReference; lastKnownFileType = sourcecode.swift; path = ConversationsListViewController.swift; sourceTree = "<group>"; };
		0D1AD2D01F8A1CA200EAAB61 /* ConversationTableViewCell.swift */ = {isa = PBXFileReference; lastKnownFileType = sourcecode.swift; path = ConversationTableViewCell.swift; sourceTree = "<group>"; };
		0D1AD2D11F8A1CA200EAAB61 /* ConversationTableViewCell.xib */ = {isa = PBXFileReference; lastKnownFileType = file.xib; path = ConversationTableViewCell.xib; sourceTree = "<group>"; };
		0D1AD2D81F8A1D1F00EAAB61 /* ConversationCellConfiguration.swift */ = {isa = PBXFileReference; lastKnownFileType = sourcecode.swift; path = ConversationCellConfiguration.swift; sourceTree = "<group>"; };
		0D816AD91F8A596F000FB5CA /* ConversationViewController.swift */ = {isa = PBXFileReference; lastKnownFileType = sourcecode.swift; path = ConversationViewController.swift; sourceTree = "<group>"; };
		0D816ADD1F8A91F6000FB5CA /* IncomeMessageCell.swift */ = {isa = PBXFileReference; lastKnownFileType = sourcecode.swift; path = IncomeMessageCell.swift; sourceTree = "<group>"; };
		0D816ADE1F8A91F6000FB5CA /* IncomeMessageCell.xib */ = {isa = PBXFileReference; lastKnownFileType = file.xib; path = IncomeMessageCell.xib; sourceTree = "<group>"; };
		0D816AE11F8A9205000FB5CA /* OutcomeCell.swift */ = {isa = PBXFileReference; lastKnownFileType = sourcecode.swift; path = OutcomeCell.swift; sourceTree = "<group>"; };
		0D816AE21F8A9205000FB5CA /* OutcomeCell.xib */ = {isa = PBXFileReference; lastKnownFileType = file.xib; path = OutcomeCell.xib; sourceTree = "<group>"; };
		0D816AE61F8A9289000FB5CA /* DialogModel.swift */ = {isa = PBXFileReference; lastKnownFileType = sourcecode.swift; path = DialogModel.swift; sourceTree = "<group>"; };
		0D816AE81F8A973A000FB5CA /* MessageCellConfiguration.swift */ = {isa = PBXFileReference; lastKnownFileType = sourcecode.swift; path = MessageCellConfiguration.swift; sourceTree = "<group>"; };
		0D9D69BA1F72C97000779606 /* TinMessenger.app */ = {isa = PBXFileReference; explicitFileType = wrapper.application; includeInIndex = 0; path = TinMessenger.app; sourceTree = BUILT_PRODUCTS_DIR; };
		0D9D69BD1F72C97000779606 /* AppDelegate.swift */ = {isa = PBXFileReference; lastKnownFileType = sourcecode.swift; path = AppDelegate.swift; sourceTree = "<group>"; };
		0D9D69BF1F72C97000779606 /* ProfileViewController.swift */ = {isa = PBXFileReference; lastKnownFileType = sourcecode.swift; path = ProfileViewController.swift; sourceTree = "<group>"; };
		0D9D69C21F72C97000779606 /* Base */ = {isa = PBXFileReference; lastKnownFileType = file.storyboard; name = Base; path = Base.lproj/Profile.storyboard; sourceTree = "<group>"; };
		0D9D69C41F72C97000779606 /* Assets.xcassets */ = {isa = PBXFileReference; lastKnownFileType = folder.assetcatalog; path = Assets.xcassets; sourceTree = "<group>"; };
		0D9D69C71F72C97000779606 /* Base */ = {isa = PBXFileReference; lastKnownFileType = file.storyboard; name = Base; path = Base.lproj/LaunchScreen.storyboard; sourceTree = "<group>"; };
		0D9D69C91F72C97000779606 /* Info.plist */ = {isa = PBXFileReference; lastKnownFileType = text.plist.xml; path = Info.plist; sourceTree = "<group>"; };
		0D9D69CF1F72D1A800779606 /* Media.xcassets */ = {isa = PBXFileReference; lastKnownFileType = folder.assetcatalog; path = Media.xcassets; sourceTree = "<group>"; };
/* End PBXFileReference section */

/* Begin PBXFrameworksBuildPhase section */
		0D9D69B71F72C97000779606 /* Frameworks */ = {
			isa = PBXFrameworksBuildPhase;
			buildActionMask = 2147483647;
			files = (
			);
			runOnlyForDeploymentPostprocessing = 0;
		};
/* End PBXFrameworksBuildPhase section */

/* Begin PBXGroup section */
		0D1AD2D41F8A1CAC00EAAB61 /* Dialog */ = {
			isa = PBXGroup;
			children = (
				0D1AD2D51F8A1CBC00EAAB61 /* Cells */,
				0D1AD2CE1F8A1B9100EAAB61 /* ConversationsListViewController.swift */,
			);
			path = Dialog;
			sourceTree = "<group>";
		};
		0D1AD2D51F8A1CBC00EAAB61 /* Cells */ = {
			isa = PBXGroup;
			children = (
				0D1AD2D01F8A1CA200EAAB61 /* ConversationTableViewCell.swift */,
				0D1AD2D11F8A1CA200EAAB61 /* ConversationTableViewCell.xib */,
			);
			path = Cells;
			sourceTree = "<group>";
		};
		0D1AD2D61F8A1CCB00EAAB61 /* System */ = {
			isa = PBXGroup;
			children = (
				0D9D69BD1F72C97000779606 /* AppDelegate.swift */,
				0D9D69C41F72C97000779606 /* Assets.xcassets */,
				0D9D69CF1F72D1A800779606 /* Media.xcassets */,
			);
			path = System;
			sourceTree = "<group>";
		};
		0D1AD2D71F8A1CDF00EAAB61 /* Profile */ = {
			isa = PBXGroup;
			children = (
				0D9D69BF1F72C97000779606 /* ProfileViewController.swift */,
			);
			path = Profile;
			sourceTree = "<group>";
		};
		0D816ADB1F8A91C8000FB5CA /* Conversation */ = {
			isa = PBXGroup;
			children = (
				0D816ADC1F8A91D8000FB5CA /* Cells */,
				0D816AD91F8A596F000FB5CA /* ConversationViewController.swift */,
			);
			path = Conversation;
			sourceTree = "<group>";
		};
		0D816ADC1F8A91D8000FB5CA /* Cells */ = {
			isa = PBXGroup;
			children = (
				0D816ADD1F8A91F6000FB5CA /* IncomeMessageCell.swift */,
				0D816ADE1F8A91F6000FB5CA /* IncomeMessageCell.xib */,
				0D816AE11F8A9205000FB5CA /* OutcomeCell.swift */,
				0D816AE21F8A9205000FB5CA /* OutcomeCell.xib */,
			);
			path = Cells;
			sourceTree = "<group>";
		};
		0D816AE51F8A9275000FB5CA /* Models */ = {
			isa = PBXGroup;
			children = (
				0D816AE61F8A9289000FB5CA /* DialogModel.swift */,
				0D1AD2D81F8A1D1F00EAAB61 /* ConversationCellConfiguration.swift */,
				0D816AE81F8A973A000FB5CA /* MessageCellConfiguration.swift */,
			);
			path = Models;
			sourceTree = "<group>";
		};
		0D9D69B11F72C97000779606 = {
			isa = PBXGroup;
			children = (
				0D9D69BC1F72C97000779606 /* TinMessenger */,
				0D9D69BB1F72C97000779606 /* Products */,
			);
			sourceTree = "<group>";
		};
		0D9D69BB1F72C97000779606 /* Products */ = {
			isa = PBXGroup;
			children = (
				0D9D69BA1F72C97000779606 /* TinMessenger.app */,
			);
			name = Products;
			sourceTree = "<group>";
		};
		0D9D69BC1F72C97000779606 /* TinMessenger */ = {
			isa = PBXGroup;
			children = (
				0D9D69C91F72C97000779606 /* Info.plist */,
				0D1AD2D61F8A1CCB00EAAB61 /* System */,
				0D1AD2D71F8A1CDF00EAAB61 /* Profile */,
				0D816AE51F8A9275000FB5CA /* Models */,
				0D1AD2D41F8A1CAC00EAAB61 /* Dialog */,
				0D816ADB1F8A91C8000FB5CA /* Conversation */,
				0D9D69C11F72C97000779606 /* Profile.storyboard */,
				0D9D69C61F72C97000779606 /* LaunchScreen.storyboard */,
			);
			path = TinMessenger;
			sourceTree = "<group>";
		};
/* End PBXGroup section */

/* Begin PBXNativeTarget section */
		0D9D69B91F72C97000779606 /* TinMessenger */ = {
			isa = PBXNativeTarget;
			buildConfigurationList = 0D9D69CC1F72C97000779606 /* Build configuration list for PBXNativeTarget "TinMessenger" */;
			buildPhases = (
				0D9D69B61F72C97000779606 /* Sources */,
				0D9D69B71F72C97000779606 /* Frameworks */,
				0D9D69B81F72C97000779606 /* Resources */,
			);
			buildRules = (
			);
			dependencies = (
			);
			name = TinMessenger;
			productName = TinMessenger;
			productReference = 0D9D69BA1F72C97000779606 /* TinMessenger.app */;
			productType = "com.apple.product-type.application";
		};
/* End PBXNativeTarget section */

/* Begin PBXProject section */
		0D9D69B21F72C97000779606 /* Project object */ = {
			isa = PBXProject;
			attributes = {
				LastSwiftUpdateCheck = 0830;
				LastUpgradeCheck = 0900;
				ORGANIZATIONNAME = "Иван";
				TargetAttributes = {
					0D9D69B91F72C97000779606 = {
						CreatedOnToolsVersion = 8.3.3;
						DevelopmentTeam = 8NZVXRT6W9;
						LastSwiftMigration = 0900;
						ProvisioningStyle = Automatic;
					};
				};
			};
			buildConfigurationList = 0D9D69B51F72C97000779606 /* Build configuration list for PBXProject "TinMessenger" */;
			compatibilityVersion = "Xcode 3.2";
			developmentRegion = English;
			hasScannedForEncodings = 0;
			knownRegions = (
				en,
				Base,
			);
			mainGroup = 0D9D69B11F72C97000779606;
			productRefGroup = 0D9D69BB1F72C97000779606 /* Products */;
			projectDirPath = "";
			projectRoot = "";
			targets = (
				0D9D69B91F72C97000779606 /* TinMessenger */,
			);
		};
/* End PBXProject section */

/* Begin PBXResourcesBuildPhase section */
		0D9D69B81F72C97000779606 /* Resources */ = {
			isa = PBXResourcesBuildPhase;
			buildActionMask = 2147483647;
			files = (
				0D816AE01F8A91F6000FB5CA /* IncomeMessageCell.xib in Resources */,
				0D1AD2D31F8A1CA200EAAB61 /* ConversationTableViewCell.xib in Resources */,
				0D9D69C81F72C97000779606 /* LaunchScreen.storyboard in Resources */,
				0D9D69C51F72C97000779606 /* Assets.xcassets in Resources */,
				0D9D69D01F72D1A800779606 /* Media.xcassets in Resources */,
				0D816AE41F8A9205000FB5CA /* OutcomeCell.xib in Resources */,
				0D9D69C31F72C97000779606 /* Profile.storyboard in Resources */,
			);
			runOnlyForDeploymentPostprocessing = 0;
		};
/* End PBXResourcesBuildPhase section */

/* Begin PBXSourcesBuildPhase section */
		0D9D69B61F72C97000779606 /* Sources */ = {
			isa = PBXSourcesBuildPhase;
			buildActionMask = 2147483647;
			files = (
				0D816AE71F8A9289000FB5CA /* DialogModel.swift in Sources */,
				0D816AE31F8A9205000FB5CA /* OutcomeCell.swift in Sources */,
				0D1AD2D21F8A1CA200EAAB61 /* ConversationTableViewCell.swift in Sources */,
				0D9D69C01F72C97000779606 /* ProfileViewController.swift in Sources */,
				0D816AE91F8A973A000FB5CA /* MessageCellConfiguration.swift in Sources */,
				0D816ADA1F8A596F000FB5CA /* ConversationViewController.swift in Sources */,
				0D9D69BE1F72C97000779606 /* AppDelegate.swift in Sources */,
				0D1AD2D91F8A1D1F00EAAB61 /* ConversationCellConfiguration.swift in Sources */,
				0D816ADF1F8A91F6000FB5CA /* IncomeMessageCell.swift in Sources */,
				0D1AD2CF1F8A1B9100EAAB61 /* ConversationsListViewController.swift in Sources */,
			);
			runOnlyForDeploymentPostprocessing = 0;
		};
/* End PBXSourcesBuildPhase section */

/* Begin PBXVariantGroup section */
		0D9D69C11F72C97000779606 /* Profile.storyboard */ = {
			isa = PBXVariantGroup;
			children = (
				0D9D69C21F72C97000779606 /* Base */,
			);
			name = Profile.storyboard;
			sourceTree = "<group>";
		};
		0D9D69C61F72C97000779606 /* LaunchScreen.storyboard */ = {
			isa = PBXVariantGroup;
			children = (
				0D9D69C71F72C97000779606 /* Base */,
			);
			name = LaunchScreen.storyboard;
			sourceTree = "<group>";
		};
/* End PBXVariantGroup section */

/* Begin XCBuildConfiguration section */
		0D9D69CA1F72C97000779606 /* Debug */ = {
			isa = XCBuildConfiguration;
			buildSettings = {
				ALWAYS_SEARCH_USER_PATHS = NO;
				CLANG_ANALYZER_NONNULL = YES;
				CLANG_ANALYZER_NUMBER_OBJECT_CONVERSION = YES_AGGRESSIVE;
				CLANG_CXX_LANGUAGE_STANDARD = "gnu++0x";
				CLANG_CXX_LIBRARY = "libc++";
				CLANG_ENABLE_MODULES = YES;
				CLANG_ENABLE_OBJC_ARC = YES;
				CLANG_WARN_BLOCK_CAPTURE_AUTORELEASING = YES;
				CLANG_WARN_BOOL_CONVERSION = YES;
				CLANG_WARN_COMMA = YES;
				CLANG_WARN_CONSTANT_CONVERSION = YES;
				CLANG_WARN_DIRECT_OBJC_ISA_USAGE = YES_ERROR;
				CLANG_WARN_DOCUMENTATION_COMMENTS = YES;
				CLANG_WARN_EMPTY_BODY = YES;
				CLANG_WARN_ENUM_CONVERSION = YES;
				CLANG_WARN_INFINITE_RECURSION = YES;
				CLANG_WARN_INT_CONVERSION = YES;
				CLANG_WARN_NON_LITERAL_NULL_CONVERSION = YES;
				CLANG_WARN_OBJC_LITERAL_CONVERSION = YES;
				CLANG_WARN_OBJC_ROOT_CLASS = YES_ERROR;
				CLANG_WARN_RANGE_LOOP_ANALYSIS = YES;
				CLANG_WARN_STRICT_PROTOTYPES = YES;
				CLANG_WARN_SUSPICIOUS_MOVE = YES;
				CLANG_WARN_UNREACHABLE_CODE = YES;
				CLANG_WARN__DUPLICATE_METHOD_MATCH = YES;
				"CODE_SIGN_IDENTITY[sdk=iphoneos*]" = "iPhone Developer";
				COPY_PHASE_STRIP = NO;
				DEBUG_INFORMATION_FORMAT = dwarf;
				ENABLE_STRICT_OBJC_MSGSEND = YES;
				ENABLE_TESTABILITY = YES;
				GCC_C_LANGUAGE_STANDARD = gnu99;
				GCC_DYNAMIC_NO_PIC = NO;
				GCC_NO_COMMON_BLOCKS = YES;
				GCC_OPTIMIZATION_LEVEL = 0;
				GCC_PREPROCESSOR_DEFINITIONS = (
					"DEBUG=1",
					"$(inherited)",
				);
				GCC_WARN_64_TO_32_BIT_CONVERSION = YES;
				GCC_WARN_ABOUT_RETURN_TYPE = YES_ERROR;
				GCC_WARN_UNDECLARED_SELECTOR = YES;
				GCC_WARN_UNINITIALIZED_AUTOS = YES_AGGRESSIVE;
				GCC_WARN_UNUSED_FUNCTION = YES;
				GCC_WARN_UNUSED_VARIABLE = YES;
				IPHONEOS_DEPLOYMENT_TARGET = 10.3;
				MTL_ENABLE_DEBUG_INFO = YES;
				ONLY_ACTIVE_ARCH = YES;
				SDKROOT = iphoneos;
				SWIFT_ACTIVE_COMPILATION_CONDITIONS = DEBUG;
				SWIFT_OPTIMIZATION_LEVEL = "-Onone";
			};
			name = Debug;
		};
		0D9D69CB1F72C97000779606 /* Release */ = {
			isa = XCBuildConfiguration;
			buildSettings = {
				ALWAYS_SEARCH_USER_PATHS = NO;
				CLANG_ANALYZER_NONNULL = YES;
				CLANG_ANALYZER_NUMBER_OBJECT_CONVERSION = YES_AGGRESSIVE;
				CLANG_CXX_LANGUAGE_STANDARD = "gnu++0x";
				CLANG_CXX_LIBRARY = "libc++";
				CLANG_ENABLE_MODULES = YES;
				CLANG_ENABLE_OBJC_ARC = YES;
				CLANG_WARN_BLOCK_CAPTURE_AUTORELEASING = YES;
				CLANG_WARN_BOOL_CONVERSION = YES;
				CLANG_WARN_COMMA = YES;
				CLANG_WARN_CONSTANT_CONVERSION = YES;
				CLANG_WARN_DIRECT_OBJC_ISA_USAGE = YES_ERROR;
				CLANG_WARN_DOCUMENTATION_COMMENTS = YES;
				CLANG_WARN_EMPTY_BODY = YES;
				CLANG_WARN_ENUM_CONVERSION = YES;
				CLANG_WARN_INFINITE_RECURSION = YES;
				CLANG_WARN_INT_CONVERSION = YES;
				CLANG_WARN_NON_LITERAL_NULL_CONVERSION = YES;
				CLANG_WARN_OBJC_LITERAL_CONVERSION = YES;
				CLANG_WARN_OBJC_ROOT_CLASS = YES_ERROR;
				CLANG_WARN_RANGE_LOOP_ANALYSIS = YES;
				CLANG_WARN_STRICT_PROTOTYPES = YES;
				CLANG_WARN_SUSPICIOUS_MOVE = YES;
				CLANG_WARN_UNREACHABLE_CODE = YES;
				CLANG_WARN__DUPLICATE_METHOD_MATCH = YES;
				"CODE_SIGN_IDENTITY[sdk=iphoneos*]" = "iPhone Developer";
				COPY_PHASE_STRIP = NO;
				DEBUG_INFORMATION_FORMAT = "dwarf-with-dsym";
				ENABLE_NS_ASSERTIONS = NO;
				ENABLE_STRICT_OBJC_MSGSEND = YES;
				GCC_C_LANGUAGE_STANDARD = gnu99;
				GCC_NO_COMMON_BLOCKS = YES;
				GCC_WARN_64_TO_32_BIT_CONVERSION = YES;
				GCC_WARN_ABOUT_RETURN_TYPE = YES_ERROR;
				GCC_WARN_UNDECLARED_SELECTOR = YES;
				GCC_WARN_UNINITIALIZED_AUTOS = YES_AGGRESSIVE;
				GCC_WARN_UNUSED_FUNCTION = YES;
				GCC_WARN_UNUSED_VARIABLE = YES;
				IPHONEOS_DEPLOYMENT_TARGET = 10.3;
				MTL_ENABLE_DEBUG_INFO = NO;
				SDKROOT = iphoneos;
				SWIFT_OPTIMIZATION_LEVEL = "-Owholemodule";
				VALIDATE_PRODUCT = YES;
			};
			name = Release;
		};
		0D9D69CD1F72C97000779606 /* Debug */ = {
			isa = XCBuildConfiguration;
			buildSettings = {
				ASSETCATALOG_COMPILER_APPICON_NAME = "AppIcon-1";
				DEVELOPMENT_TEAM = 8NZVXRT6W9;
				INFOPLIST_FILE = TinMessenger/Info.plist;
				LD_RUNPATH_SEARCH_PATHS = "$(inherited) @executable_path/Frameworks";
				PRODUCT_BUNDLE_IDENTIFIER = berkutiv.TinMessenger;
				PRODUCT_NAME = "$(TARGET_NAME)";
				SWIFT_SWIFT3_OBJC_INFERENCE = Default;
				SWIFT_VERSION = 4.0;
			};
			name = Debug;
		};
		0D9D69CE1F72C97000779606 /* Release */ = {
			isa = XCBuildConfiguration;
			buildSettings = {
				ASSETCATALOG_COMPILER_APPICON_NAME = "AppIcon-1";
				DEVELOPMENT_TEAM = 8NZVXRT6W9;
				INFOPLIST_FILE = TinMessenger/Info.plist;
				LD_RUNPATH_SEARCH_PATHS = "$(inherited) @executable_path/Frameworks";
				PRODUCT_BUNDLE_IDENTIFIER = berkutiv.TinMessenger;
				PRODUCT_NAME = "$(TARGET_NAME)";
				SWIFT_SWIFT3_OBJC_INFERENCE = Default;
				SWIFT_VERSION = 4.0;
			};
			name = Release;
		};
/* End XCBuildConfiguration section */

/* Begin XCConfigurationList section */
		0D9D69B51F72C97000779606 /* Build configuration list for PBXProject "TinMessenger" */ = {
			isa = XCConfigurationList;
			buildConfigurations = (
				0D9D69CA1F72C97000779606 /* Debug */,
				0D9D69CB1F72C97000779606 /* Release */,
			);
			defaultConfigurationIsVisible = 0;
			defaultConfigurationName = Release;
		};
		0D9D69CC1F72C97000779606 /* Build configuration list for PBXNativeTarget "TinMessenger" */ = {
			isa = XCConfigurationList;
			buildConfigurations = (
				0D9D69CD1F72C97000779606 /* Debug */,
				0D9D69CE1F72C97000779606 /* Release */,
			);
			defaultConfigurationIsVisible = 0;
			defaultConfigurationName = Release;
		};
/* End XCConfigurationList section */
	};
	rootObject = 0D9D69B21F72C97000779606 /* Project object */;
}
